
Microsoft Visual Studio Solution File, Format Version 12.00
# Visual Studio Version 17
VisualStudioVersion = 17.6.33815.320
MinimumVisualStudioVersion = 10.0.40219.1
Project("{FAE04EC0-301F-11D3-BF4B-00C04F79EFBC}") = "INVeo", "INVeo\INVeo.csproj", "{CD4C88CD-81A9-479E-97BB-60AEB8A10076}"
EndProject
Global
	GlobalSection(SolutionConfigurationPlatforms) = preSolution
		Debug|Any CPU = Debug|Any CPU
		Release|Any CPU = Release|Any CPU
	EndGlobalSection
	GlobalSection(ProjectConfigurationPlatforms) = postSolution
		{CD4C88CD-81A9-479E-97BB-60AEB8A10076}.Debug|Any CPU.ActiveCfg = Debug|Any CPU
		{CD4C88CD-81A9-479E-97BB-60AEB8A10076}.Debug|Any CPU.Build.0 = Debug|Any CPU
		{CD4C88CD-81A9-479E-97BB-60AEB8A10076}.Release|Any CPU.ActiveCfg = Release|Any CPU
		{CD4C88CD-81A9-479E-97BB-60AEB8A10076}.Release|Any CPU.Build.0 = Release|Any CPU
	EndGlobalSection
	GlobalSection(SolutionProperties) = preSolution
		HideSolutionNode = FALSE
	EndGlobalSection
	GlobalSection(ExtensibilityGlobals) = postSolution
		SolutionGuid = {B3976073-5402-4A06-948F-0A66678181D2}
	EndGlobalSection
EndGlobal
